
Microsoft Visual Studio Solution File, Format Version 12.00
# Visual Studio Version 17
VisualStudioVersion = 17.0.32802.463
MinimumVisualStudioVersion = 10.0.40219.1
Project("{9A19103F-16F7-4668-BE54-9A1E7A4F7556}") = "OwlCore.Kubo", "src\OwlCore.Kubo.csproj", "{595227CB-8079-47C1-B613-09B2095E11F9}"
EndProject
Project("{FAE04EC0-301F-11D3-BF4B-00C04F79EFBC}") = "OwlCore.Kubo.Tests", "tests\OwlCore.Kubo.Tests\OwlCore.Kubo.Tests.csproj", "{011C9F52-C41E-4799-83F2-E099FE142516}"
EndProject
Global
	GlobalSection(SolutionConfigurationPlatforms) = preSolution
		Debug|Any CPU = Debug|Any CPU
		Release|Any CPU = Release|Any CPU
	EndGlobalSection
	GlobalSection(ProjectConfigurationPlatforms) = postSolution
		{595227CB-8079-47C1-B613-09B2095E11F9}.Debug|Any CPU.ActiveCfg = Debug|Any CPU
		{595227CB-8079-47C1-B613-09B2095E11F9}.Debug|Any CPU.Build.0 = Debug|Any CPU
		{595227CB-8079-47C1-B613-09B2095E11F9}.Release|Any CPU.ActiveCfg = Release|Any CPU
		{595227CB-8079-47C1-B613-09B2095E11F9}.Release|Any CPU.Build.0 = Release|Any CPU
		{011C9F52-C41E-4799-83F2-E099FE142516}.Debug|Any CPU.ActiveCfg = Debug|Any CPU
		{011C9F52-C41E-4799-83F2-E099FE142516}.Debug|Any CPU.Build.0 = Debug|Any CPU
		{011C9F52-C41E-4799-83F2-E099FE142516}.Release|Any CPU.ActiveCfg = Release|Any CPU
		{011C9F52-C41E-4799-83F2-E099FE142516}.Release|Any CPU.Build.0 = Release|Any CPU
	EndGlobalSection
	GlobalSection(SolutionProperties) = preSolution
		HideSolutionNode = FALSE
	EndGlobalSection
	GlobalSection(ExtensibilityGlobals) = postSolution
		SolutionGuid = {AF7A9065-2115-412E-89BF-EC0371AD2705}
	EndGlobalSection
EndGlobal
